
Microsoft Visual Studio Solution File, Format Version 12.00
# Visual Studio Version 17
VisualStudioVersion = 17.10.34928.147
MinimumVisualStudioVersion = 10.0.40219.1
Project("{FAE04EC0-301F-11D3-BF4B-00C04F79EFBC}") = "Teste", "Teste\Teste.csproj", "{394AE1E7-8847-4AA5-B7E4-9E5BCC7C1634}"
EndProject
Global
	GlobalSection(SolutionConfigurationPlatforms) = preSolution
		Debug|Any CPU = Debug|Any CPU
		Release|Any CPU = Release|Any CPU
	EndGlobalSection
	GlobalSection(ProjectConfigurationPlatforms) = postSolution
		{394AE1E7-8847-4AA5-B7E4-9E5BCC7C1634}.Debug|Any CPU.ActiveCfg = Debug|Any CPU
		{394AE1E7-8847-4AA5-B7E4-9E5BCC7C1634}.Debug|Any CPU.Build.0 = Debug|Any CPU
		{394AE1E7-8847-4AA5-B7E4-9E5BCC7C1634}.Release|Any CPU.ActiveCfg = Release|Any CPU
		{394AE1E7-8847-4AA5-B7E4-9E5BCC7C1634}.Release|Any CPU.Build.0 = Release|Any CPU
	EndGlobalSection
	GlobalSection(SolutionProperties) = preSolution
		HideSolutionNode = FALSE
	EndGlobalSection
	GlobalSection(ExtensibilityGlobals) = postSolution
		SolutionGuid = {0BE49602-1981-4A18-BAC5-DEC810B41C99}
	EndGlobalSection
EndGlobal
